
Microsoft Visual Studio Solution File, Format Version 12.00
# Visual Studio Version 16
VisualStudioVersion = 16.0.29806.167
MinimumVisualStudioVersion = 10.0.40219.1
Project("{9A19103F-16F7-4668-BE54-9A1E7A4F7556}") = "UtilsSharp", "UtilsSharp\UtilsSharp.csproj", "{41EF5CB5-868F-4AC5-846C-F87F98531572}"
EndProject
Project("{9A19103F-16F7-4668-BE54-9A1E7A4F7556}") = "OssHelper", "OssHelper\OssHelper.csproj", "{501848CF-2FB3-4C25-B58A-3D93656F73CB}"
EndProject
Project("{9A19103F-16F7-4668-BE54-9A1E7A4F7556}") = "TestDemo", "TestDemo\TestDemo.csproj", "{237C6579-25B1-4B8F-BC70-5529B8322D11}"
EndProject
Project("{FAE04EC0-301F-11D3-BF4B-00C04F79EFBC}") = "UnitTestProjectNet", "UnitTestProjectNet\UnitTestProjectNet.csproj", "{A86B4F09-784E-477C-8703-B446F395125D}"
EndProject
Project("{9A19103F-16F7-4668-BE54-9A1E7A4F7556}") = "OptionConfig", "OptionConfig\OptionConfig.csproj", "{0D0F5D37-1BA9-43A1-A8F1-4CA7CB434BE7}"
EndProject
Project("{9A19103F-16F7-4668-BE54-9A1E7A4F7556}") = "Redis", "Redis\Redis.csproj", "{38FBF8EA-93F3-48CB-87DD-370738D0CB0D}"
EndProject
Project("{9A19103F-16F7-4668-BE54-9A1E7A4F7556}") = "MySql", "MySql\MySql.csproj", "{AF167E20-6CD2-4CB8-93B4-409941DFB038}"
EndProject
Project("{9A19103F-16F7-4668-BE54-9A1E7A4F7556}") = "MsSql", "MsSql\MsSql.csproj", "{7E531A02-143F-41F6-8220-6380426D63CA}"
EndProject
Project("{9A19103F-16F7-4668-BE54-9A1E7A4F7556}") = "ElasticSearch", "ElasticSearch\ElasticSearch.csproj", "{38F0E0C6-C1FB-4C0D-962B-EADF38FD69A2}"
EndProject
Project("{9A19103F-16F7-4668-BE54-9A1E7A4F7556}") = "RabbitMQ", "RabbitMQ\RabbitMQ.csproj", "{43174339-031B-4294-8A66-6E0EF3B59D59}"
EndProject
Project("{9A19103F-16F7-4668-BE54-9A1E7A4F7556}") = "ElasticSearch7", "ElasticSearch7\ElasticSearch7.csproj", "{D3E88472-4FEB-4D84-BB2F-E17735CEE8DC}"
EndProject
Project("{9A19103F-16F7-4668-BE54-9A1E7A4F7556}") = "TestDemoApp", "TestDemoApp\TestDemoApp.csproj", "{F017A0E2-2DB1-4CBB-9F07-0E36A9EBFDE7}"
EndProject
Project("{9A19103F-16F7-4668-BE54-9A1E7A4F7556}") = "Logger.Config", "Logger.Config\Logger.Config.csproj", "{12F5A380-1CFB-447A-BD0D-B61DB3CAE7B9}"
EndProject
Project("{9A19103F-16F7-4668-BE54-9A1E7A4F7556}") = "Logger", "Logger\Logger.csproj", "{52B4D46B-BBDE-48A4-9B57-3EDEAC5CE66E}"
EndProject
Project("{9A19103F-16F7-4668-BE54-9A1E7A4F7556}") = "UnitTestProjectNet.Core", "UnitTestProjectNet.Core\UnitTestProjectNet.Core.csproj", "{CEB634EB-592D-4F09-83D2-C72705DE1E2C}"
EndProject
Project("{9A19103F-16F7-4668-BE54-9A1E7A4F7556}") = "UtilsSharp.Protobuf", "UtilsSharp.Protobuf\UtilsSharp.Protobuf.csproj", "{B5F9DB1D-0074-48CE-AE5F-A5FA1832A2F2}"
EndProject
Project("{9A19103F-16F7-4668-BE54-9A1E7A4F7556}") = "Kafka", "Kafka\Kafka.csproj", "{62733622-C510-48C2-B530-122186B8208F}"
EndProject
Project("{9A19103F-16F7-4668-BE54-9A1E7A4F7556}") = "UtilsSharp.ElasticSearch.Extension", "UtilsSharp.ElasticSearch.Extension\UtilsSharp.ElasticSearch.Extension.csproj", "{23EDBE70-8309-471B-8E2A-504F0EE49DCE}"
EndProject
Project("{9A19103F-16F7-4668-BE54-9A1E7A4F7556}") = "UtilsSharp.ElasticSearch7.Extension", "UtilsSharp.ElasticSearch7.Extension\UtilsSharp.ElasticSearch7.Extension.csproj", "{4CF7A300-56BA-4AF8-8CB7-9A5243E2B293}"
EndProject
Project("{9A19103F-16F7-4668-BE54-9A1E7A4F7556}") = "UtilsSharp.RabbitMq.Extension", "UtilsSharp.RabbitMq.Extension\UtilsSharp.RabbitMq.Extension.csproj", "{B7BE1F4E-643E-4D42-A07D-4F9F4969D895}"
EndProject
Project("{9A19103F-16F7-4668-BE54-9A1E7A4F7556}") = "UtilsSharp.AspNetCore", "UtilsSharp.AspNetCore\UtilsSharp.AspNetCore.csproj", "{4883667D-3E0D-43F1-B1F5-D2CEA85AD520}"
EndProject
Project("{9A19103F-16F7-4668-BE54-9A1E7A4F7556}") = "UtilsSharp.DotNetCore", "UtilsSharp.DotNetCore\UtilsSharp.DotNetCore.csproj", "{59BC84BF-6CAA-4137-AF21-538448802529}"
EndProject
Global
	GlobalSection(SolutionConfigurationPlatforms) = preSolution
		Debug|Any CPU = Debug|Any CPU
		Release|Any CPU = Release|Any CPU
	EndGlobalSection
	GlobalSection(ProjectConfigurationPlatforms) = postSolution
		{41EF5CB5-868F-4AC5-846C-F87F98531572}.Debug|Any CPU.ActiveCfg = Debug|Any CPU
		{41EF5CB5-868F-4AC5-846C-F87F98531572}.Debug|Any CPU.Build.0 = Debug|Any CPU
		{41EF5CB5-868F-4AC5-846C-F87F98531572}.Release|Any CPU.ActiveCfg = Release|Any CPU
		{41EF5CB5-868F-4AC5-846C-F87F98531572}.Release|Any CPU.Build.0 = Release|Any CPU
		{501848CF-2FB3-4C25-B58A-3D93656F73CB}.Debug|Any CPU.ActiveCfg = Debug|Any CPU
		{501848CF-2FB3-4C25-B58A-3D93656F73CB}.Debug|Any CPU.Build.0 = Debug|Any CPU
		{501848CF-2FB3-4C25-B58A-3D93656F73CB}.Release|Any CPU.ActiveCfg = Release|Any CPU
		{501848CF-2FB3-4C25-B58A-3D93656F73CB}.Release|Any CPU.Build.0 = Release|Any CPU
		{237C6579-25B1-4B8F-BC70-5529B8322D11}.Debug|Any CPU.ActiveCfg = Debug|Any CPU
		{237C6579-25B1-4B8F-BC70-5529B8322D11}.Debug|Any CPU.Build.0 = Debug|Any CPU
		{237C6579-25B1-4B8F-BC70-5529B8322D11}.Release|Any CPU.ActiveCfg = Release|Any CPU
		{237C6579-25B1-4B8F-BC70-5529B8322D11}.Release|Any CPU.Build.0 = Release|Any CPU
		{A86B4F09-784E-477C-8703-B446F395125D}.Debug|Any CPU.ActiveCfg = Debug|Any CPU
		{A86B4F09-784E-477C-8703-B446F395125D}.Debug|Any CPU.Build.0 = Debug|Any CPU
		{A86B4F09-784E-477C-8703-B446F395125D}.Release|Any CPU.ActiveCfg = Release|Any CPU
		{A86B4F09-784E-477C-8703-B446F395125D}.Release|Any CPU.Build.0 = Release|Any CPU
		{0D0F5D37-1BA9-43A1-A8F1-4CA7CB434BE7}.Debug|Any CPU.ActiveCfg = Debug|Any CPU
		{0D0F5D37-1BA9-43A1-A8F1-4CA7CB434BE7}.Debug|Any CPU.Build.0 = Debug|Any CPU
		{0D0F5D37-1BA9-43A1-A8F1-4CA7CB434BE7}.Release|Any CPU.ActiveCfg = Release|Any CPU
		{0D0F5D37-1BA9-43A1-A8F1-4CA7CB434BE7}.Release|Any CPU.Build.0 = Release|Any CPU
		{38FBF8EA-93F3-48CB-87DD-370738D0CB0D}.Debug|Any CPU.ActiveCfg = Debug|Any CPU
		{38FBF8EA-93F3-48CB-87DD-370738D0CB0D}.Debug|Any CPU.Build.0 = Debug|Any CPU
		{38FBF8EA-93F3-48CB-87DD-370738D0CB0D}.Release|Any CPU.ActiveCfg = Release|Any CPU
		{38FBF8EA-93F3-48CB-87DD-370738D0CB0D}.Release|Any CPU.Build.0 = Release|Any CPU
		{AF167E20-6CD2-4CB8-93B4-409941DFB038}.Debug|Any CPU.ActiveCfg = Debug|Any CPU
		{AF167E20-6CD2-4CB8-93B4-409941DFB038}.Debug|Any CPU.Build.0 = Debug|Any CPU
		{AF167E20-6CD2-4CB8-93B4-409941DFB038}.Release|Any CPU.ActiveCfg = Release|Any CPU
		{AF167E20-6CD2-4CB8-93B4-409941DFB038}.Release|Any CPU.Build.0 = Release|Any CPU
		{7E531A02-143F-41F6-8220-6380426D63CA}.Debug|Any CPU.ActiveCfg = Debug|Any CPU
		{7E531A02-143F-41F6-8220-6380426D63CA}.Debug|Any CPU.Build.0 = Debug|Any CPU
		{7E531A02-143F-41F6-8220-6380426D63CA}.Release|Any CPU.ActiveCfg = Release|Any CPU
		{7E531A02-143F-41F6-8220-6380426D63CA}.Release|Any CPU.Build.0 = Release|Any CPU
		{38F0E0C6-C1FB-4C0D-962B-EADF38FD69A2}.Debug|Any CPU.ActiveCfg = Debug|Any CPU
		{38F0E0C6-C1FB-4C0D-962B-EADF38FD69A2}.Debug|Any CPU.Build.0 = Debug|Any CPU
		{38F0E0C6-C1FB-4C0D-962B-EADF38FD69A2}.Release|Any CPU.ActiveCfg = Release|Any CPU
		{38F0E0C6-C1FB-4C0D-962B-EADF38FD69A2}.Release|Any CPU.Build.0 = Release|Any CPU
		{43174339-031B-4294-8A66-6E0EF3B59D59}.Debug|Any CPU.ActiveCfg = Debug|Any CPU
		{43174339-031B-4294-8A66-6E0EF3B59D59}.Debug|Any CPU.Build.0 = Debug|Any CPU
		{43174339-031B-4294-8A66-6E0EF3B59D59}.Release|Any CPU.ActiveCfg = Release|Any CPU
		{43174339-031B-4294-8A66-6E0EF3B59D59}.Release|Any CPU.Build.0 = Release|Any CPU
		{D3E88472-4FEB-4D84-BB2F-E17735CEE8DC}.Debug|Any CPU.ActiveCfg = Debug|Any CPU
		{D3E88472-4FEB-4D84-BB2F-E17735CEE8DC}.Debug|Any CPU.Build.0 = Debug|Any CPU
		{D3E88472-4FEB-4D84-BB2F-E17735CEE8DC}.Release|Any CPU.ActiveCfg = Release|Any CPU
		{D3E88472-4FEB-4D84-BB2F-E17735CEE8DC}.Release|Any CPU.Build.0 = Release|Any CPU
		{F017A0E2-2DB1-4CBB-9F07-0E36A9EBFDE7}.Debug|Any CPU.ActiveCfg = Debug|Any CPU
		{F017A0E2-2DB1-4CBB-9F07-0E36A9EBFDE7}.Debug|Any CPU.Build.0 = Debug|Any CPU
		{F017A0E2-2DB1-4CBB-9F07-0E36A9EBFDE7}.Release|Any CPU.ActiveCfg = Release|Any CPU
		{F017A0E2-2DB1-4CBB-9F07-0E36A9EBFDE7}.Release|Any CPU.Build.0 = Release|Any CPU
		{12F5A380-1CFB-447A-BD0D-B61DB3CAE7B9}.Debug|Any CPU.ActiveCfg = Debug|Any CPU
		{12F5A380-1CFB-447A-BD0D-B61DB3CAE7B9}.Debug|Any CPU.Build.0 = Debug|Any CPU
		{12F5A380-1CFB-447A-BD0D-B61DB3CAE7B9}.Release|Any CPU.ActiveCfg = Release|Any CPU
		{12F5A380-1CFB-447A-BD0D-B61DB3CAE7B9}.Release|Any CPU.Build.0 = Release|Any CPU
		{52B4D46B-BBDE-48A4-9B57-3EDEAC5CE66E}.Debug|Any CPU.ActiveCfg = Debug|Any CPU
		{52B4D46B-BBDE-48A4-9B57-3EDEAC5CE66E}.Debug|Any CPU.Build.0 = Debug|Any CPU
		{52B4D46B-BBDE-48A4-9B57-3EDEAC5CE66E}.Release|Any CPU.ActiveCfg = Release|Any CPU
		{52B4D46B-BBDE-48A4-9B57-3EDEAC5CE66E}.Release|Any CPU.Build.0 = Release|Any CPU
		{CEB634EB-592D-4F09-83D2-C72705DE1E2C}.Debug|Any CPU.ActiveCfg = Debug|Any CPU
		{CEB634EB-592D-4F09-83D2-C72705DE1E2C}.Debug|Any CPU.Build.0 = Debug|Any CPU
		{CEB634EB-592D-4F09-83D2-C72705DE1E2C}.Release|Any CPU.ActiveCfg = Release|Any CPU
		{CEB634EB-592D-4F09-83D2-C72705DE1E2C}.Release|Any CPU.Build.0 = Release|Any CPU
		{B5F9DB1D-0074-48CE-AE5F-A5FA1832A2F2}.Debug|Any CPU.ActiveCfg = Debug|Any CPU
		{B5F9DB1D-0074-48CE-AE5F-A5FA1832A2F2}.Debug|Any CPU.Build.0 = Debug|Any CPU
		{B5F9DB1D-0074-48CE-AE5F-A5FA1832A2F2}.Release|Any CPU.ActiveCfg = Release|Any CPU
		{B5F9DB1D-0074-48CE-AE5F-A5FA1832A2F2}.Release|Any CPU.Build.0 = Release|Any CPU
		{62733622-C510-48C2-B530-122186B8208F}.Debug|Any CPU.ActiveCfg = Debug|Any CPU
		{62733622-C510-48C2-B530-122186B8208F}.Debug|Any CPU.Build.0 = Debug|Any CPU
		{62733622-C510-48C2-B530-122186B8208F}.Release|Any CPU.ActiveCfg = Release|Any CPU
		{62733622-C510-48C2-B530-122186B8208F}.Release|Any CPU.Build.0 = Release|Any CPU
		{23EDBE70-8309-471B-8E2A-504F0EE49DCE}.Debug|Any CPU.ActiveCfg = Debug|Any CPU
		{23EDBE70-8309-471B-8E2A-504F0EE49DCE}.Debug|Any CPU.Build.0 = Debug|Any CPU
		{23EDBE70-8309-471B-8E2A-504F0EE49DCE}.Release|Any CPU.ActiveCfg = Release|Any CPU
		{23EDBE70-8309-471B-8E2A-504F0EE49DCE}.Release|Any CPU.Build.0 = Release|Any CPU
		{4CF7A300-56BA-4AF8-8CB7-9A5243E2B293}.Debug|Any CPU.ActiveCfg = Debug|Any CPU
		{4CF7A300-56BA-4AF8-8CB7-9A5243E2B293}.Debug|Any CPU.Build.0 = Debug|Any CPU
		{4CF7A300-56BA-4AF8-8CB7-9A5243E2B293}.Release|Any CPU.ActiveCfg = Release|Any CPU
		{4CF7A300-56BA-4AF8-8CB7-9A5243E2B293}.Release|Any CPU.Build.0 = Release|Any CPU
		{B7BE1F4E-643E-4D42-A07D-4F9F4969D895}.Debug|Any CPU.ActiveCfg = Debug|Any CPU
		{B7BE1F4E-643E-4D42-A07D-4F9F4969D895}.Debug|Any CPU.Build.0 = Debug|Any CPU
		{B7BE1F4E-643E-4D42-A07D-4F9F4969D895}.Release|Any CPU.ActiveCfg = Release|Any CPU
		{B7BE1F4E-643E-4D42-A07D-4F9F4969D895}.Release|Any CPU.Build.0 = Release|Any CPU
		{4883667D-3E0D-43F1-B1F5-D2CEA85AD520}.Debug|Any CPU.ActiveCfg = Debug|Any CPU
		{4883667D-3E0D-43F1-B1F5-D2CEA85AD520}.Debug|Any CPU.Build.0 = Debug|Any CPU
		{4883667D-3E0D-43F1-B1F5-D2CEA85AD520}.Release|Any CPU.ActiveCfg = Release|Any CPU
		{4883667D-3E0D-43F1-B1F5-D2CEA85AD520}.Release|Any CPU.Build.0 = Release|Any CPU
		{59BC84BF-6CAA-4137-AF21-538448802529}.Debug|Any CPU.ActiveCfg = Debug|Any CPU
		{59BC84BF-6CAA-4137-AF21-538448802529}.Debug|Any CPU.Build.0 = Debug|Any CPU
		{59BC84BF-6CAA-4137-AF21-538448802529}.Release|Any CPU.ActiveCfg = Release|Any CPU
		{59BC84BF-6CAA-4137-AF21-538448802529}.Release|Any CPU.Build.0 = Release|Any CPU
	EndGlobalSection
	GlobalSection(SolutionProperties) = preSolution
		HideSolutionNode = FALSE
	EndGlobalSection
	GlobalSection(ExtensibilityGlobals) = postSolution
		SolutionGuid = {88828C4E-6409-4E6E-8EB0-7FEE52CA4DC8}
	EndGlobalSection
EndGlobal
