
Microsoft Visual Studio Solution File, Format Version 12.00
# Visual Studio Version 17
VisualStudioVersion = 17.6.33723.286
MinimumVisualStudioVersion = 10.0.40219.1
Project("{9A19103F-16F7-4668-BE54-9A1E7A4F7556}") = "UtilsSharp", "UtilsSharp\UtilsSharp.csproj", "{41EF5CB5-868F-4AC5-846C-F87F98531572}"
EndProject
Project("{9A19103F-16F7-4668-BE54-9A1E7A4F7556}") = "TestDemo", "TestDemo\TestDemo.csproj", "{237C6579-25B1-4B8F-BC70-5529B8322D11}"
EndProject
Project("{9A19103F-16F7-4668-BE54-9A1E7A4F7556}") = "TestDemoApp", "TestDemoApp\TestDemoApp.csproj", "{F017A0E2-2DB1-4CBB-9F07-0E36A9EBFDE7}"
EndProject
Project("{9A19103F-16F7-4668-BE54-9A1E7A4F7556}") = "UnitTestProjectNet.Core", "UnitTestProjectNet.Core\UnitTestProjectNet.Core.csproj", "{CEB634EB-592D-4F09-83D2-C72705DE1E2C}"
EndProject
Project("{9A19103F-16F7-4668-BE54-9A1E7A4F7556}") = "UtilsSharp.ElasticSearch.Extension", "UtilsSharp.ElasticSearch.Extension\UtilsSharp.ElasticSearch.Extension.csproj", "{23EDBE70-8309-471B-8E2A-504F0EE49DCE}"
EndProject
Project("{9A19103F-16F7-4668-BE54-9A1E7A4F7556}") = "UtilsSharp.ElasticSearch7.Extension", "UtilsSharp.ElasticSearch7.Extension\UtilsSharp.ElasticSearch7.Extension.csproj", "{4CF7A300-56BA-4AF8-8CB7-9A5243E2B293}"
EndProject
Project("{9A19103F-16F7-4668-BE54-9A1E7A4F7556}") = "UtilsSharp.RabbitMq.Extension", "UtilsSharp.RabbitMq.Extension\UtilsSharp.RabbitMq.Extension.csproj", "{B7BE1F4E-643E-4D42-A07D-4F9F4969D895}"
EndProject
Project("{9A19103F-16F7-4668-BE54-9A1E7A4F7556}") = "UtilsSharp.AspNetCore", "UtilsSharp.AspNetCore\UtilsSharp.AspNetCore.csproj", "{4883667D-3E0D-43F1-B1F5-D2CEA85AD520}"
EndProject
Project("{9A19103F-16F7-4668-BE54-9A1E7A4F7556}") = "UtilsSharp.DotNetCore", "UtilsSharp.DotNetCore\UtilsSharp.DotNetCore.csproj", "{59BC84BF-6CAA-4137-AF21-538448802529}"
EndProject
Project("{9A19103F-16F7-4668-BE54-9A1E7A4F7556}") = "UtilsSharp.OssHelper", "UtilsSharp.OssHelper\UtilsSharp.OssHelper.csproj", "{B8A3BD3A-281D-40D2-88F6-99DA0271D520}"
EndProject
Project("{9A19103F-16F7-4668-BE54-9A1E7A4F7556}") = "UtilsSharp.Redis", "UtilsSharp.Redis\UtilsSharp.Redis.csproj", "{C449D9E4-3B4F-4492-B13C-B280882C8A4F}"
EndProject
Project("{9A19103F-16F7-4668-BE54-9A1E7A4F7556}") = "UtilsSharp.RabbitMq", "UtilsSharp.RabbitMq\UtilsSharp.RabbitMq.csproj", "{1728CB0F-97AA-44EC-B5B8-BBBF46F8A05C}"
EndProject
Project("{9A19103F-16F7-4668-BE54-9A1E7A4F7556}") = "UtilsSharp.OptionConfig", "UtilsSharp.OptionConfig\UtilsSharp.OptionConfig.csproj", "{0523E9D5-CFD7-4EFF-8C4C-1541B6E2D476}"
EndProject
Project("{9A19103F-16F7-4668-BE54-9A1E7A4F7556}") = "UtilsSharp.ElasticSearch", "UtilsSharp.ElasticSearch\UtilsSharp.ElasticSearch.csproj", "{1D5C2D76-A2EB-41C5-A6D2-2BBBAECFF6CD}"
EndProject
Project("{9A19103F-16F7-4668-BE54-9A1E7A4F7556}") = "UtilsSharp.ElasticSearch7", "UtilsSharp.ElasticSearch7\UtilsSharp.ElasticSearch7.csproj", "{C6A6877D-0C43-4C03-A75F-50C9CFC0E2E6}"
EndProject
Project("{9A19103F-16F7-4668-BE54-9A1E7A4F7556}") = "UtilsSharp.Logger", "UtilsSharp.Logger\UtilsSharp.Logger.csproj", "{85F76A53-B7A2-426C-8DC2-47C9ECF76332}"
EndProject
Project("{9A19103F-16F7-4668-BE54-9A1E7A4F7556}") = "UtilsSharp.Logger.Config", "UtilsSharp.Logger.Config\UtilsSharp.Logger.Config.csproj", "{21D3CCC6-00CE-4176-AF50-9F7C2B5028C6}"
EndProject
Project("{9A19103F-16F7-4668-BE54-9A1E7A4F7556}") = "UtilsSharp.Kafka", "UtilsSharp.Kafka\UtilsSharp.Kafka.csproj", "{9CA3CC83-F80E-45C5-8DA8-EFC6526EBB49}"
EndProject
Project("{9A19103F-16F7-4668-BE54-9A1E7A4F7556}") = "UtilsSharp.MsSql", "UtilsSharp.MsSql\UtilsSharp.MsSql.csproj", "{92B8048A-6E9D-4517-9348-4BE60F8B006D}"
EndProject
Project("{9A19103F-16F7-4668-BE54-9A1E7A4F7556}") = "UtilsSharp.MySql", "UtilsSharp.MySql\UtilsSharp.MySql.csproj", "{49860A96-7E1F-47E1-BC0D-ADF1AFEF2626}"
EndProject
Project("{9A19103F-16F7-4668-BE54-9A1E7A4F7556}") = "UtilsSharp.AsyncInterceptor", "UtilsSharp.AsyncInterceptor\UtilsSharp.AsyncInterceptor.csproj", "{50D60C78-2AFF-4FE0-8F59-3B61492EAB84}"
EndProject
Project("{9A19103F-16F7-4668-BE54-9A1E7A4F7556}") = "UtilsSharp.Jwt", "UtilsSharp.Jwt\UtilsSharp.Jwt.csproj", "{96287B4D-1745-42CC-B216-DBC2915EF901}"
EndProject
Project("{9A19103F-16F7-4668-BE54-9A1E7A4F7556}") = "UtilsSharp.Shared", "UtilsSharp.Shared\UtilsSharp.Shared.csproj", "{617B1A07-EC87-40E1-97AF-A3890B5CA4FF}"
EndProject
Project("{9A19103F-16F7-4668-BE54-9A1E7A4F7556}") = "UtilsSharp.Grpc", "UtilsSharp.Grpc\UtilsSharp.Grpc.csproj", "{B4B81C14-E108-4A36-BBF7-0EB96B6A0CD4}"
EndProject
Project("{9A19103F-16F7-4668-BE54-9A1E7A4F7556}") = "UtilsSharp.Grpc.AspNetCore", "UtilsSharp.Grpc.AspNetCore\UtilsSharp.Grpc.AspNetCore.csproj", "{8755EC60-D474-4B32-830E-31585F44E955}"
EndProject
Project("{9A19103F-16F7-4668-BE54-9A1E7A4F7556}") = "UtilsSharp.Grpc.ClientFactory", "UtilsSharp.Grpc.ClientFactory\UtilsSharp.Grpc.ClientFactory.csproj", "{BDE3F118-D2EE-4104-8CF0-8339ED1A7B59}"
EndProject
Global
	GlobalSection(SolutionConfigurationPlatforms) = preSolution
		Debug|Any CPU = Debug|Any CPU
		Release|Any CPU = Release|Any CPU
	EndGlobalSection
	GlobalSection(ProjectConfigurationPlatforms) = postSolution
		{41EF5CB5-868F-4AC5-846C-F87F98531572}.Debug|Any CPU.ActiveCfg = Debug|Any CPU
		{41EF5CB5-868F-4AC5-846C-F87F98531572}.Debug|Any CPU.Build.0 = Debug|Any CPU
		{41EF5CB5-868F-4AC5-846C-F87F98531572}.Release|Any CPU.ActiveCfg = Release|Any CPU
		{41EF5CB5-868F-4AC5-846C-F87F98531572}.Release|Any CPU.Build.0 = Release|Any CPU
		{237C6579-25B1-4B8F-BC70-5529B8322D11}.Debug|Any CPU.ActiveCfg = Debug|Any CPU
		{237C6579-25B1-4B8F-BC70-5529B8322D11}.Debug|Any CPU.Build.0 = Debug|Any CPU
		{237C6579-25B1-4B8F-BC70-5529B8322D11}.Release|Any CPU.ActiveCfg = Release|Any CPU
		{237C6579-25B1-4B8F-BC70-5529B8322D11}.Release|Any CPU.Build.0 = Release|Any CPU
		{F017A0E2-2DB1-4CBB-9F07-0E36A9EBFDE7}.Debug|Any CPU.ActiveCfg = Debug|Any CPU
		{F017A0E2-2DB1-4CBB-9F07-0E36A9EBFDE7}.Debug|Any CPU.Build.0 = Debug|Any CPU
		{F017A0E2-2DB1-4CBB-9F07-0E36A9EBFDE7}.Release|Any CPU.ActiveCfg = Release|Any CPU
		{F017A0E2-2DB1-4CBB-9F07-0E36A9EBFDE7}.Release|Any CPU.Build.0 = Release|Any CPU
		{CEB634EB-592D-4F09-83D2-C72705DE1E2C}.Debug|Any CPU.ActiveCfg = Debug|Any CPU
		{CEB634EB-592D-4F09-83D2-C72705DE1E2C}.Debug|Any CPU.Build.0 = Debug|Any CPU
		{CEB634EB-592D-4F09-83D2-C72705DE1E2C}.Release|Any CPU.ActiveCfg = Release|Any CPU
		{CEB634EB-592D-4F09-83D2-C72705DE1E2C}.Release|Any CPU.Build.0 = Release|Any CPU
		{23EDBE70-8309-471B-8E2A-504F0EE49DCE}.Debug|Any CPU.ActiveCfg = Debug|Any CPU
		{23EDBE70-8309-471B-8E2A-504F0EE49DCE}.Debug|Any CPU.Build.0 = Debug|Any CPU
		{23EDBE70-8309-471B-8E2A-504F0EE49DCE}.Release|Any CPU.ActiveCfg = Release|Any CPU
		{23EDBE70-8309-471B-8E2A-504F0EE49DCE}.Release|Any CPU.Build.0 = Release|Any CPU
		{4CF7A300-56BA-4AF8-8CB7-9A5243E2B293}.Debug|Any CPU.ActiveCfg = Debug|Any CPU
		{4CF7A300-56BA-4AF8-8CB7-9A5243E2B293}.Debug|Any CPU.Build.0 = Debug|Any CPU
		{4CF7A300-56BA-4AF8-8CB7-9A5243E2B293}.Release|Any CPU.ActiveCfg = Release|Any CPU
		{4CF7A300-56BA-4AF8-8CB7-9A5243E2B293}.Release|Any CPU.Build.0 = Release|Any CPU
		{B7BE1F4E-643E-4D42-A07D-4F9F4969D895}.Debug|Any CPU.ActiveCfg = Debug|Any CPU
		{B7BE1F4E-643E-4D42-A07D-4F9F4969D895}.Debug|Any CPU.Build.0 = Debug|Any CPU
		{B7BE1F4E-643E-4D42-A07D-4F9F4969D895}.Release|Any CPU.ActiveCfg = Release|Any CPU
		{B7BE1F4E-643E-4D42-A07D-4F9F4969D895}.Release|Any CPU.Build.0 = Release|Any CPU
		{4883667D-3E0D-43F1-B1F5-D2CEA85AD520}.Debug|Any CPU.ActiveCfg = Debug|Any CPU
		{4883667D-3E0D-43F1-B1F5-D2CEA85AD520}.Debug|Any CPU.Build.0 = Debug|Any CPU
		{4883667D-3E0D-43F1-B1F5-D2CEA85AD520}.Release|Any CPU.ActiveCfg = Release|Any CPU
		{4883667D-3E0D-43F1-B1F5-D2CEA85AD520}.Release|Any CPU.Build.0 = Release|Any CPU
		{59BC84BF-6CAA-4137-AF21-538448802529}.Debug|Any CPU.ActiveCfg = Debug|Any CPU
		{59BC84BF-6CAA-4137-AF21-538448802529}.Debug|Any CPU.Build.0 = Debug|Any CPU
		{59BC84BF-6CAA-4137-AF21-538448802529}.Release|Any CPU.ActiveCfg = Release|Any CPU
		{59BC84BF-6CAA-4137-AF21-538448802529}.Release|Any CPU.Build.0 = Release|Any CPU
		{B8A3BD3A-281D-40D2-88F6-99DA0271D520}.Debug|Any CPU.ActiveCfg = Debug|Any CPU
		{B8A3BD3A-281D-40D2-88F6-99DA0271D520}.Debug|Any CPU.Build.0 = Debug|Any CPU
		{B8A3BD3A-281D-40D2-88F6-99DA0271D520}.Release|Any CPU.ActiveCfg = Release|Any CPU
		{B8A3BD3A-281D-40D2-88F6-99DA0271D520}.Release|Any CPU.Build.0 = Release|Any CPU
		{C449D9E4-3B4F-4492-B13C-B280882C8A4F}.Debug|Any CPU.ActiveCfg = Debug|Any CPU
		{C449D9E4-3B4F-4492-B13C-B280882C8A4F}.Debug|Any CPU.Build.0 = Debug|Any CPU
		{C449D9E4-3B4F-4492-B13C-B280882C8A4F}.Release|Any CPU.ActiveCfg = Release|Any CPU
		{C449D9E4-3B4F-4492-B13C-B280882C8A4F}.Release|Any CPU.Build.0 = Release|Any CPU
		{1728CB0F-97AA-44EC-B5B8-BBBF46F8A05C}.Debug|Any CPU.ActiveCfg = Debug|Any CPU
		{1728CB0F-97AA-44EC-B5B8-BBBF46F8A05C}.Debug|Any CPU.Build.0 = Debug|Any CPU
		{1728CB0F-97AA-44EC-B5B8-BBBF46F8A05C}.Release|Any CPU.ActiveCfg = Release|Any CPU
		{1728CB0F-97AA-44EC-B5B8-BBBF46F8A05C}.Release|Any CPU.Build.0 = Release|Any CPU
		{0523E9D5-CFD7-4EFF-8C4C-1541B6E2D476}.Debug|Any CPU.ActiveCfg = Debug|Any CPU
		{0523E9D5-CFD7-4EFF-8C4C-1541B6E2D476}.Debug|Any CPU.Build.0 = Debug|Any CPU
		{0523E9D5-CFD7-4EFF-8C4C-1541B6E2D476}.Release|Any CPU.ActiveCfg = Release|Any CPU
		{0523E9D5-CFD7-4EFF-8C4C-1541B6E2D476}.Release|Any CPU.Build.0 = Release|Any CPU
		{1D5C2D76-A2EB-41C5-A6D2-2BBBAECFF6CD}.Debug|Any CPU.ActiveCfg = Debug|Any CPU
		{1D5C2D76-A2EB-41C5-A6D2-2BBBAECFF6CD}.Debug|Any CPU.Build.0 = Debug|Any CPU
		{1D5C2D76-A2EB-41C5-A6D2-2BBBAECFF6CD}.Release|Any CPU.ActiveCfg = Release|Any CPU
		{1D5C2D76-A2EB-41C5-A6D2-2BBBAECFF6CD}.Release|Any CPU.Build.0 = Release|Any CPU
		{C6A6877D-0C43-4C03-A75F-50C9CFC0E2E6}.Debug|Any CPU.ActiveCfg = Debug|Any CPU
		{C6A6877D-0C43-4C03-A75F-50C9CFC0E2E6}.Debug|Any CPU.Build.0 = Debug|Any CPU
		{C6A6877D-0C43-4C03-A75F-50C9CFC0E2E6}.Release|Any CPU.ActiveCfg = Release|Any CPU
		{C6A6877D-0C43-4C03-A75F-50C9CFC0E2E6}.Release|Any CPU.Build.0 = Release|Any CPU
		{85F76A53-B7A2-426C-8DC2-47C9ECF76332}.Debug|Any CPU.ActiveCfg = Debug|Any CPU
		{85F76A53-B7A2-426C-8DC2-47C9ECF76332}.Debug|Any CPU.Build.0 = Debug|Any CPU
		{85F76A53-B7A2-426C-8DC2-47C9ECF76332}.Release|Any CPU.ActiveCfg = Release|Any CPU
		{85F76A53-B7A2-426C-8DC2-47C9ECF76332}.Release|Any CPU.Build.0 = Release|Any CPU
		{21D3CCC6-00CE-4176-AF50-9F7C2B5028C6}.Debug|Any CPU.ActiveCfg = Debug|Any CPU
		{21D3CCC6-00CE-4176-AF50-9F7C2B5028C6}.Debug|Any CPU.Build.0 = Debug|Any CPU
		{21D3CCC6-00CE-4176-AF50-9F7C2B5028C6}.Release|Any CPU.ActiveCfg = Release|Any CPU
		{21D3CCC6-00CE-4176-AF50-9F7C2B5028C6}.Release|Any CPU.Build.0 = Release|Any CPU
		{9CA3CC83-F80E-45C5-8DA8-EFC6526EBB49}.Debug|Any CPU.ActiveCfg = Debug|Any CPU
		{9CA3CC83-F80E-45C5-8DA8-EFC6526EBB49}.Debug|Any CPU.Build.0 = Debug|Any CPU
		{9CA3CC83-F80E-45C5-8DA8-EFC6526EBB49}.Release|Any CPU.ActiveCfg = Release|Any CPU
		{9CA3CC83-F80E-45C5-8DA8-EFC6526EBB49}.Release|Any CPU.Build.0 = Release|Any CPU
		{92B8048A-6E9D-4517-9348-4BE60F8B006D}.Debug|Any CPU.ActiveCfg = Debug|Any CPU
		{92B8048A-6E9D-4517-9348-4BE60F8B006D}.Debug|Any CPU.Build.0 = Debug|Any CPU
		{92B8048A-6E9D-4517-9348-4BE60F8B006D}.Release|Any CPU.ActiveCfg = Release|Any CPU
		{92B8048A-6E9D-4517-9348-4BE60F8B006D}.Release|Any CPU.Build.0 = Release|Any CPU
		{49860A96-7E1F-47E1-BC0D-ADF1AFEF2626}.Debug|Any CPU.ActiveCfg = Debug|Any CPU
		{49860A96-7E1F-47E1-BC0D-ADF1AFEF2626}.Debug|Any CPU.Build.0 = Debug|Any CPU
		{49860A96-7E1F-47E1-BC0D-ADF1AFEF2626}.Release|Any CPU.ActiveCfg = Release|Any CPU
		{49860A96-7E1F-47E1-BC0D-ADF1AFEF2626}.Release|Any CPU.Build.0 = Release|Any CPU
		{50D60C78-2AFF-4FE0-8F59-3B61492EAB84}.Debug|Any CPU.ActiveCfg = Debug|Any CPU
		{50D60C78-2AFF-4FE0-8F59-3B61492EAB84}.Debug|Any CPU.Build.0 = Debug|Any CPU
		{50D60C78-2AFF-4FE0-8F59-3B61492EAB84}.Release|Any CPU.ActiveCfg = Release|Any CPU
		{50D60C78-2AFF-4FE0-8F59-3B61492EAB84}.Release|Any CPU.Build.0 = Release|Any CPU
		{96287B4D-1745-42CC-B216-DBC2915EF901}.Debug|Any CPU.ActiveCfg = Debug|Any CPU
		{96287B4D-1745-42CC-B216-DBC2915EF901}.Debug|Any CPU.Build.0 = Debug|Any CPU
		{96287B4D-1745-42CC-B216-DBC2915EF901}.Release|Any CPU.ActiveCfg = Release|Any CPU
		{96287B4D-1745-42CC-B216-DBC2915EF901}.Release|Any CPU.Build.0 = Release|Any CPU
		{617B1A07-EC87-40E1-97AF-A3890B5CA4FF}.Debug|Any CPU.ActiveCfg = Debug|Any CPU
		{617B1A07-EC87-40E1-97AF-A3890B5CA4FF}.Debug|Any CPU.Build.0 = Debug|Any CPU
		{617B1A07-EC87-40E1-97AF-A3890B5CA4FF}.Release|Any CPU.ActiveCfg = Release|Any CPU
		{617B1A07-EC87-40E1-97AF-A3890B5CA4FF}.Release|Any CPU.Build.0 = Release|Any CPU
		{B4B81C14-E108-4A36-BBF7-0EB96B6A0CD4}.Debug|Any CPU.ActiveCfg = Debug|Any CPU
		{B4B81C14-E108-4A36-BBF7-0EB96B6A0CD4}.Debug|Any CPU.Build.0 = Debug|Any CPU
		{B4B81C14-E108-4A36-BBF7-0EB96B6A0CD4}.Release|Any CPU.ActiveCfg = Release|Any CPU
		{B4B81C14-E108-4A36-BBF7-0EB96B6A0CD4}.Release|Any CPU.Build.0 = Release|Any CPU
		{8755EC60-D474-4B32-830E-31585F44E955}.Debug|Any CPU.ActiveCfg = Debug|Any CPU
		{8755EC60-D474-4B32-830E-31585F44E955}.Debug|Any CPU.Build.0 = Debug|Any CPU
		{8755EC60-D474-4B32-830E-31585F44E955}.Release|Any CPU.ActiveCfg = Release|Any CPU
		{8755EC60-D474-4B32-830E-31585F44E955}.Release|Any CPU.Build.0 = Release|Any CPU
		{BDE3F118-D2EE-4104-8CF0-8339ED1A7B59}.Debug|Any CPU.ActiveCfg = Debug|Any CPU
		{BDE3F118-D2EE-4104-8CF0-8339ED1A7B59}.Debug|Any CPU.Build.0 = Debug|Any CPU
		{BDE3F118-D2EE-4104-8CF0-8339ED1A7B59}.Release|Any CPU.ActiveCfg = Release|Any CPU
		{BDE3F118-D2EE-4104-8CF0-8339ED1A7B59}.Release|Any CPU.Build.0 = Release|Any CPU
	EndGlobalSection
	GlobalSection(SolutionProperties) = preSolution
		HideSolutionNode = FALSE
	EndGlobalSection
	GlobalSection(ExtensibilityGlobals) = postSolution
		SolutionGuid = {88828C4E-6409-4E6E-8EB0-7FEE52CA4DC8}
	EndGlobalSection
EndGlobal
